
Microsoft Visual Studio Solution File, Format Version 10.00
# Visual Studio 2008
Project("{8BC9CEB8-8B4A-11D0-8D11-00A0C91BC942}") = "vmetst_v7_c", "vmetst_v7_c.vcproj", "{336AB9B3-6930-4118-9E54-CA355EDF448E}"
EndProject
Global
	GlobalSection(SolutionConfigurationPlatforms) = preSolution
		Debug|Win32 = Debug|Win32
		Release|Win32 = Release|Win32
	EndGlobalSection
	GlobalSection(ProjectConfigurationPlatforms) = postSolution
		{336AB9B3-6930-4118-9E54-CA355EDF448E}.Debug|Win32.ActiveCfg = Debug|Win32
		{336AB9B3-6930-4118-9E54-CA355EDF448E}.Debug|Win32.Build.0 = Debug|Win32
		{336AB9B3-6930-4118-9E54-CA355EDF448E}.Release|Win32.ActiveCfg = Release|Win32
		{336AB9B3-6930-4118-9E54-CA355EDF448E}.Release|Win32.Build.0 = Release|Win32
	EndGlobalSection
	GlobalSection(SolutionProperties) = preSolution
		HideSolutionNode = FALSE
	EndGlobalSection
EndGlobal
